
Microsoft Visual Studio Solution File, Format Version 12.00
# Visual Studio Version 16
VisualStudioVersion = 16.0.30204.135
MinimumVisualStudioVersion = 10.0.40219.1
Project("{FAE04EC0-301F-11D3-BF4B-00C04F79EFBC}") = "Zajecia5", "Zajecia5\Zajecia5.csproj", "{0FEDD754-459A-44B6-BD72-1A0349439D3B}"
EndProject
Global
	GlobalSection(SolutionConfigurationPlatforms) = preSolution
		Debug|Any CPU = Debug|Any CPU
		Release|Any CPU = Release|Any CPU
	EndGlobalSection
	GlobalSection(ProjectConfigurationPlatforms) = postSolution
		{0FEDD754-459A-44B6-BD72-1A0349439D3B}.Debug|Any CPU.ActiveCfg = Debug|Any CPU
		{0FEDD754-459A-44B6-BD72-1A0349439D3B}.Debug|Any CPU.Build.0 = Debug|Any CPU
		{0FEDD754-459A-44B6-BD72-1A0349439D3B}.Release|Any CPU.ActiveCfg = Release|Any CPU
		{0FEDD754-459A-44B6-BD72-1A0349439D3B}.Release|Any CPU.Build.0 = Release|Any CPU
	EndGlobalSection
	GlobalSection(SolutionProperties) = preSolution
		HideSolutionNode = FALSE
	EndGlobalSection
	GlobalSection(ExtensibilityGlobals) = postSolution
		SolutionGuid = {C16FCC7A-21AF-4180-B777-63C49A4D7974}
	EndGlobalSection
EndGlobal
